
Microsoft Visual Studio Solution File, Format Version 12.00
# Visual Studio Version 17
VisualStudioVersion = 17.8.34330.188
MinimumVisualStudioVersion = 10.0.40219.1
Project("{FAE04EC0-301F-11D3-BF4B-00C04F79EFBC}") = "DEMka", "DEMka.csproj", "{BDEFB9A1-9708-4791-8447-5D3DC84E12FE}"
EndProject
Global
	GlobalSection(SolutionConfigurationPlatforms) = preSolution
		Debug|Any CPU = Debug|Any CPU
		Release|Any CPU = Release|Any CPU
	EndGlobalSection
	GlobalSection(ProjectConfigurationPlatforms) = postSolution
		{BDEFB9A1-9708-4791-8447-5D3DC84E12FE}.Debug|Any CPU.ActiveCfg = Debug|Any CPU
		{BDEFB9A1-9708-4791-8447-5D3DC84E12FE}.Debug|Any CPU.Build.0 = Debug|Any CPU
		{BDEFB9A1-9708-4791-8447-5D3DC84E12FE}.Release|Any CPU.ActiveCfg = Release|Any CPU
		{BDEFB9A1-9708-4791-8447-5D3DC84E12FE}.Release|Any CPU.Build.0 = Release|Any CPU
	EndGlobalSection
	GlobalSection(SolutionProperties) = preSolution
		HideSolutionNode = FALSE
	EndGlobalSection
	GlobalSection(ExtensibilityGlobals) = postSolution
		SolutionGuid = {015C5AF7-BF93-46BE-B6A9-36BEBE2C87C4}
	EndGlobalSection
EndGlobal
